# This file is automatically @generated by Cargo.
# It is not intended for manual editing.
version = 4

[[package]]
name = "ac2-audio"
version = "0.0.0"

[[package]]
name = "ac2-cli"
version = "0.0.0"

[[package]]
name = "ac2-client"
version = "0.0.0"

[[package]]
name = "ac2-core"
version = "0.0.0"

[[package]]
name = "ac2-plot"
version = "0.0.0"

[[package]]
name = "ac2-proto"
version = "0.0.0"

[[package]]
name = "ac2-scene"
version = "0.0.0"

[[package]]
name = "ac2-testkit"
version = "0.0.0"

[[package]]
name = "ac2-ui"
version = "0.0.0"

[[package]]
name = "ac2d"
version = "0.0.0"

[[package]]
name = "spike-audio-duplex"
version = "0.0.0"

[[package]]
name = "spike-gpu-headless"
version = "0.0.0"

[[package]]
name = "spike-zmq-curve"
version = "0.0.0"
